
Microsoft Visual Studio Solution File, Format Version 12.00
# Visual Studio 15
VisualStudioVersion = 15.0.28307.1300
MinimumVisualStudioVersion = 10.0.40219.1
Project("{FAE04EC0-301F-11D3-BF4B-00C04F79EFBC}") = "bak45247", "bak45247\bak45247.csproj", "{86D0B029-9769-4B29-8877-EFB8D57A034B}"
EndProject
Global
	GlobalSection(SolutionConfigurationPlatforms) = preSolution
		Debug|Any CPU = Debug|Any CPU
		Release|Any CPU = Release|Any CPU
	EndGlobalSection
	GlobalSection(ProjectConfigurationPlatforms) = postSolution
		{86D0B029-9769-4B29-8877-EFB8D57A034B}.Debug|Any CPU.ActiveCfg = Debug|Any CPU
		{86D0B029-9769-4B29-8877-EFB8D57A034B}.Debug|Any CPU.Build.0 = Debug|Any CPU
		{86D0B029-9769-4B29-8877-EFB8D57A034B}.Release|Any CPU.ActiveCfg = Release|Any CPU
		{86D0B029-9769-4B29-8877-EFB8D57A034B}.Release|Any CPU.Build.0 = Release|Any CPU
	EndGlobalSection
	GlobalSection(SolutionProperties) = preSolution
		HideSolutionNode = FALSE
	EndGlobalSection
	GlobalSection(ExtensibilityGlobals) = postSolution
		SolutionGuid = {F5F1F4AB-A87E-4D7C-B7E9-C5713806E253}
	EndGlobalSection
EndGlobal
